
Microsoft Visual Studio Solution File, Format Version 12.00
# Visual Studio Version 17
VisualStudioVersion = 17.8.34525.116
MinimumVisualStudioVersion = 10.0.40219.1
Project("{FAE04EC0-301F-11D3-BF4B-00C04F79EFBC}") = "Reflections", "Reflections.csproj", "{0458A967-D8F2-4217-A0DC-BDD4CD785693}"
EndProject
Global
	GlobalSection(SolutionConfigurationPlatforms) = preSolution
		Debug|Any CPU = Debug|Any CPU
		Release|Any CPU = Release|Any CPU
	EndGlobalSection
	GlobalSection(ProjectConfigurationPlatforms) = postSolution
		{0458A967-D8F2-4217-A0DC-BDD4CD785693}.Debug|Any CPU.ActiveCfg = Debug|Any CPU
		{0458A967-D8F2-4217-A0DC-BDD4CD785693}.Debug|Any CPU.Build.0 = Debug|Any CPU
		{0458A967-D8F2-4217-A0DC-BDD4CD785693}.Release|Any CPU.ActiveCfg = Release|Any CPU
		{0458A967-D8F2-4217-A0DC-BDD4CD785693}.Release|Any CPU.Build.0 = Release|Any CPU
	EndGlobalSection
	GlobalSection(SolutionProperties) = preSolution
		HideSolutionNode = FALSE
	EndGlobalSection
	GlobalSection(ExtensibilityGlobals) = postSolution
		SolutionGuid = {7372C552-9721-4C9F-89E6-C55C0A7447F4}
	EndGlobalSection
EndGlobal
